// !$*UTF8*$!
{
	archiveVersion = 1;
	classes = {
	};
	objectVersion = 56;
	objects = {

/* Begin PBXBuildFile section */
		B0B2B0662A8F3791003E6913 /* AppDelegate.swift in Sources */ = {isa = PBXBuildFile; fileRef = B0B2B0652A8F3791003E6913 /* AppDelegate.swift */; };
		B0B2B0682A8F3791003E6913 /* SceneDelegate.swift in Sources */ = {isa = PBXBuildFile; fileRef = B0B2B0672A8F3791003E6913 /* SceneDelegate.swift */; };
		B0B2B06A2A8F3791003E6913 /* ViewController.swift in Sources */ = {isa = PBXBuildFile; fileRef = B0B2B0692A8F3791003E6913 /* ViewController.swift */; };
		B0B2B06D2A8F3791003E6913 /* Main.storyboard in Resources */ = {isa = PBXBuildFile; fileRef = B0B2B06B2A8F3791003E6913 /* Main.storyboard */; };
		B0B2B06F2A8F3792003E6913 /* Assets.xcassets in Resources */ = {isa = PBXBuildFile; fileRef = B0B2B06E2A8F3792003E6913 /* Assets.xcassets */; };
		B0B2B0722A8F3792003E6913 /* LaunchScreen.storyboard in Resources */ = {isa = PBXBuildFile; fileRef = B0B2B0702A8F3792003E6913 /* LaunchScreen.storyboard */; };
		B0CAFA9B2A90656A0084D53F /* Movie.swift in Sources */ = {isa = PBXBuildFile; fileRef = B0CAFA9A2A90656A0084D53F /* Movie.swift */; };
		B0CAFAA02A90660E0084D53F /* MovieDataManager.swift in Sources */ = {isa = PBXBuildFile; fileRef = B0CAFA9F2A90660E0084D53F /* MovieDataManager.swift */; };
		B0CAFAA22A9084D00084D53F /* MovieTableViewCell.swift in Sources */ = {isa = PBXBuildFile; fileRef = B0CAFAA12A9084D00084D53F /* MovieTableViewCell.swift */; };
		B0CAFAA42A90851D0084D53F /* DetailView.swift in Sources */ = {isa = PBXBuildFile; fileRef = B0CAFAA32A90851D0084D53F /* DetailView.swift */; };
		B0CAFAAA2A9086B00084D53F /* DetailViewController.swift in Sources */ = {isa = PBXBuildFile; fileRef = B0CAFAA92A9086B00084D53F /* DetailViewController.swift */; };
/* End PBXBuildFile section */

/* Begin PBXFileReference section */
		B0B2B0622A8F3791003E6913 /* MovieTable.app */ = {isa = PBXFileReference; explicitFileType = wrapper.application; includeInIndex = 0; path = MovieTable.app; sourceTree = BUILT_PRODUCTS_DIR; };
		B0B2B0652A8F3791003E6913 /* AppDelegate.swift */ = {isa = PBXFileReference; lastKnownFileType = sourcecode.swift; path = AppDelegate.swift; sourceTree = "<group>"; };
		B0B2B0672A8F3791003E6913 /* SceneDelegate.swift */ = {isa = PBXFileReference; lastKnownFileType = sourcecode.swift; path = SceneDelegate.swift; sourceTree = "<group>"; };
		B0B2B0692A8F3791003E6913 /* ViewController.swift */ = {isa = PBXFileReference; lastKnownFileType = sourcecode.swift; path = ViewController.swift; sourceTree = "<group>"; };
		B0B2B06C2A8F3791003E6913 /* Base */ = {isa = PBXFileReference; lastKnownFileType = file.storyboard; name = Base; path = Base.lproj/Main.storyboard; sourceTree = "<group>"; };
		B0B2B06E2A8F3792003E6913 /* Assets.xcassets */ = {isa = PBXFileReference; lastKnownFileType = folder.assetcatalog; path = Assets.xcassets; sourceTree = "<group>"; };
		B0B2B0712A8F3792003E6913 /* Base */ = {isa = PBXFileReference; lastKnownFileType = file.storyboard; name = Base; path = Base.lproj/LaunchScreen.storyboard; sourceTree = "<group>"; };
		B0B2B0732A8F3792003E6913 /* Info.plist */ = {isa = PBXFileReference; lastKnownFileType = text.plist.xml; path = Info.plist; sourceTree = "<group>"; };
		B0CAFA9A2A90656A0084D53F /* Movie.swift */ = {isa = PBXFileReference; lastKnownFileType = sourcecode.swift; path = Movie.swift; sourceTree = "<group>"; };
		B0CAFA9F2A90660E0084D53F /* MovieDataManager.swift */ = {isa = PBXFileReference; lastKnownFileType = sourcecode.swift; path = MovieDataManager.swift; sourceTree = "<group>"; };
		B0CAFAA12A9084D00084D53F /* MovieTableViewCell.swift */ = {isa = PBXFileReference; lastKnownFileType = sourcecode.swift; path = MovieTableViewCell.swift; sourceTree = "<group>"; };
		B0CAFAA32A90851D0084D53F /* DetailView.swift */ = {isa = PBXFileReference; lastKnownFileType = sourcecode.swift; path = DetailView.swift; sourceTree = "<group>"; };
		B0CAFAA92A9086B00084D53F /* DetailViewController.swift */ = {isa = PBXFileReference; lastKnownFileType = sourcecode.swift; path = DetailViewController.swift; sourceTree = "<group>"; };
/* End PBXFileReference section */

/* Begin PBXFrameworksBuildPhase section */
		B0B2B05F2A8F3791003E6913 /* Frameworks */ = {
			isa = PBXFrameworksBuildPhase;
			buildActionMask = 2147483647;
			files = (
			);
			runOnlyForDeploymentPostprocessing = 0;
		};
/* End PBXFrameworksBuildPhase section */

/* Begin PBXGroup section */
		B003B2082A8F38100084F36A /* Controllers */ = {
			isa = PBXGroup;
			children = (
				B0B2B0692A8F3791003E6913 /* ViewController.swift */,
				B0CAFAA92A9086B00084D53F /* DetailViewController.swift */,
			);
			path = Controllers;
			sourceTree = "<group>";
		};
		B003B2092A8F38120084F36A /* Views */ = {
			isa = PBXGroup;
			children = (
				B0CAFAA12A9084D00084D53F /* MovieTableViewCell.swift */,
				B0CAFAA32A90851D0084D53F /* DetailView.swift */,
			);
			path = Views;
			sourceTree = "<group>";
		};
		B003B20A2A8F38140084F36A /* Models */ = {
			isa = PBXGroup;
			children = (
				B0CAFA9A2A90656A0084D53F /* Movie.swift */,
				B0CAFA9F2A90660E0084D53F /* MovieDataManager.swift */,
			);
			path = Models;
			sourceTree = "<group>";
		};
		B0B2B0592A8F3791003E6913 = {
			isa = PBXGroup;
			children = (
				B0B2B0642A8F3791003E6913 /* MovieTable */,
				B0B2B0632A8F3791003E6913 /* Products */,
			);
			sourceTree = "<group>";
		};
		B0B2B0632A8F3791003E6913 /* Products */ = {
			isa = PBXGroup;
			children = (
				B0B2B0622A8F3791003E6913 /* MovieTable.app */,
			);
			name = Products;
			sourceTree = "<group>";
		};
		B0B2B0642A8F3791003E6913 /* MovieTable */ = {
			isa = PBXGroup;
			children = (
				B0B2B0652A8F3791003E6913 /* AppDelegate.swift */,
				B0B2B0672A8F3791003E6913 /* SceneDelegate.swift */,
				B003B20A2A8F38140084F36A /* Models */,
				B003B2092A8F38120084F36A /* Views */,
				B003B2082A8F38100084F36A /* Controllers */,
				B0B2B06B2A8F3791003E6913 /* Main.storyboard */,
				B0B2B06E2A8F3792003E6913 /* Assets.xcassets */,
				B0B2B0702A8F3792003E6913 /* LaunchScreen.storyboard */,
				B0B2B0732A8F3792003E6913 /* Info.plist */,
			);
			path = MovieTable;
			sourceTree = "<group>";
		};
/* End PBXGroup section */

/* Begin PBXNativeTarget section */
		B0B2B0612A8F3791003E6913 /* MovieTable */ = {
			isa = PBXNativeTarget;
			buildConfigurationList = B0B2B0762A8F3792003E6913 /* Build configuration list for PBXNativeTarget "MovieTable" */;
			buildPhases = (
				B0B2B05E2A8F3791003E6913 /* Sources */,
				B0B2B05F2A8F3791003E6913 /* Frameworks */,
				B0B2B0602A8F3791003E6913 /* Resources */,
			);
			buildRules = (
			);
			dependencies = (
			);
			name = MovieTable;
			productName = MovieTable;
			productReference = B0B2B0622A8F3791003E6913 /* MovieTable.app */;
			productType = "com.apple.product-type.application";
		};
/* End PBXNativeTarget section */

/* Begin PBXProject section */
		B0B2B05A2A8F3791003E6913 /* Project object */ = {
			isa = PBXProject;
			attributes = {
				BuildIndependentTargetsInParallel = 1;
				LastSwiftUpdateCheck = 1430;
				LastUpgradeCheck = 1430;
				TargetAttributes = {
					B0B2B0612A8F3791003E6913 = {
						CreatedOnToolsVersion = 14.3.1;
					};
				};
			};
			buildConfigurationList = B0B2B05D2A8F3791003E6913 /* Build configuration list for PBXProject "MovieTable" */;
			compatibilityVersion = "Xcode 14.0";
			developmentRegion = en;
			hasScannedForEncodings = 0;
			knownRegions = (
				en,
				Base,
			);
			mainGroup = B0B2B0592A8F3791003E6913;
			productRefGroup = B0B2B0632A8F3791003E6913 /* Products */;
			projectDirPath = "";
			projectRoot = "";
			targets = (
				B0B2B0612A8F3791003E6913 /* MovieTable */,
			);
		};
/* End PBXProject section */

/* Begin PBXResourcesBuildPhase section */
		B0B2B0602A8F3791003E6913 /* Resources */ = {
			isa = PBXResourcesBuildPhase;
			buildActionMask = 2147483647;
			files = (
				B0B2B0722A8F3792003E6913 /* LaunchScreen.storyboard in Resources */,
				B0B2B06F2A8F3792003E6913 /* Assets.xcassets in Resources */,
				B0B2B06D2A8F3791003E6913 /* Main.storyboard in Resources */,
			);
			runOnlyForDeploymentPostprocessing = 0;
		};
/* End PBXResourcesBuildPhase section */

/* Begin PBXSourcesBuildPhase section */
		B0B2B05E2A8F3791003E6913 /* Sources */ = {
			isa = PBXSourcesBuildPhase;
			buildActionMask = 2147483647;
			files = (
				B0CAFAAA2A9086B00084D53F /* DetailViewController.swift in Sources */,
				B0B2B06A2A8F3791003E6913 /* ViewController.swift in Sources */,
				B0B2B0662A8F3791003E6913 /* AppDelegate.swift in Sources */,
				B0CAFAA22A9084D00084D53F /* MovieTableViewCell.swift in Sources */,
				B0CAFAA42A90851D0084D53F /* DetailView.swift in Sources */,
				B0CAFAA02A90660E0084D53F /* MovieDataManager.swift in Sources */,
				B0CAFA9B2A90656A0084D53F /* Movie.swift in Sources */,
				B0B2B0682A8F3791003E6913 /* SceneDelegate.swift in Sources */,
			);
			runOnlyForDeploymentPostprocessing = 0;
		};
/* End PBXSourcesBuildPhase section */

/* Begin PBXVariantGroup section */
		B0B2B06B2A8F3791003E6913 /* Main.storyboard */ = {
			isa = PBXVariantGroup;
			children = (
				B0B2B06C2A8F3791003E6913 /* Base */,
			);
			name = Main.storyboard;
			sourceTree = "<group>";
		};
		B0B2B0702A8F3792003E6913 /* LaunchScreen.storyboard */ = {
			isa = PBXVariantGroup;
			children = (
				B0B2B0712A8F3792003E6913 /* Base */,
			);
			name = LaunchScreen.storyboard;
			sourceTree = "<group>";
		};
/* End PBXVariantGroup section */

/* Begin XCBuildConfiguration section */
		B0B2B0742A8F3792003E6913 /* Debug */ = {
			isa = XCBuildConfiguration;
			buildSettings = {
				ALWAYS_SEARCH_USER_PATHS = NO;
				CLANG_ANALYZER_NONNULL = YES;
				CLANG_ANALYZER_NUMBER_OBJECT_CONVERSION = YES_AGGRESSIVE;
				CLANG_CXX_LANGUAGE_STANDARD = "gnu++20";
				CLANG_ENABLE_MODULES = YES;
				CLANG_ENABLE_OBJC_ARC = YES;
				CLANG_ENABLE_OBJC_WEAK = YES;
				CLANG_WARN_BLOCK_CAPTURE_AUTORELEASING = YES;
				CLANG_WARN_BOOL_CONVERSION = YES;
				CLANG_WARN_COMMA = YES;
				CLANG_WARN_CONSTANT_CONVERSION = YES;
				CLANG_WARN_DEPRECATED_OBJC_IMPLEMENTATIONS = YES;
				CLANG_WARN_DIRECT_OBJC_ISA_USAGE = YES_ERROR;
				CLANG_WARN_DOCUMENTATION_COMMENTS = YES;
				CLANG_WARN_EMPTY_BODY = YES;
				CLANG_WARN_ENUM_CONVERSION = YES;
				CLANG_WARN_INFINITE_RECURSION = YES;
				CLANG_WARN_INT_CONVERSION = YES;
				CLANG_WARN_NON_LITERAL_NULL_CONVERSION = YES;
				CLANG_WARN_OBJC_IMPLICIT_RETAIN_SELF = YES;
				CLANG_WARN_OBJC_LITERAL_CONVERSION = YES;
				CLANG_WARN_OBJC_ROOT_CLASS = YES_ERROR;
				CLANG_WARN_QUOTED_INCLUDE_IN_FRAMEWORK_HEADER = YES;
				CLANG_WARN_RANGE_LOOP_ANALYSIS = YES;
				CLANG_WARN_STRICT_PROTOTYPES = YES;
				CLANG_WARN_SUSPICIOUS_MOVE = YES;
				CLANG_WARN_UNGUARDED_AVAILABILITY = YES_AGGRESSIVE;
				CLANG_WARN_UNREACHABLE_CODE = YES;
				CLANG_WARN__DUPLICATE_METHOD_MATCH = YES;
				COPY_PHASE_STRIP = NO;
				DEBUG_INFORMATION_FORMAT = dwarf;
				ENABLE_STRICT_OBJC_MSGSEND = YES;
				ENABLE_TESTABILITY = YES;
				GCC_C_LANGUAGE_STANDARD = gnu11;
				GCC_DYNAMIC_NO_PIC = NO;
				GCC_NO_COMMON_BLOCKS = YES;
				GCC_OPTIMIZATION_LEVEL = 0;
				GCC_PREPROCESSOR_DEFINITIONS = (
					"DEBUG=1",
					"$(inherited)",
				);
				GCC_WARN_64_TO_32_BIT_CONVERSION = YES;
				GCC_WARN_ABOUT_RETURN_TYPE = YES_ERROR;
				GCC_WARN_UNDECLARED_SELECTOR = YES;
				GCC_WARN_UNINITIALIZED_AUTOS = YES_AGGRESSIVE;
				GCC_WARN_UNUSED_FUNCTION = YES;
				GCC_WARN_UNUSED_VARIABLE = YES;
				IPHONEOS_DEPLOYMENT_TARGET = 16.4;
				MTL_ENABLE_DEBUG_INFO = INCLUDE_SOURCE;
				MTL_FAST_MATH = YES;
				ONLY_ACTIVE_ARCH = YES;
				SDKROOT = iphoneos;
				SWIFT_ACTIVE_COMPILATION_CONDITIONS = DEBUG;
				SWIFT_OPTIMIZATION_LEVEL = "-Onone";
			};
			name = Debug;
		};
		B0B2B0752A8F3792003E6913 /* Release */ = {
			isa = XCBuildConfiguration;
			buildSettings = {
				ALWAYS_SEARCH_USER_PATHS = NO;
				CLANG_ANALYZER_NONNULL = YES;
				CLANG_ANALYZER_NUMBER_OBJECT_CONVERSION = YES_AGGRESSIVE;
				CLANG_CXX_LANGUAGE_STANDARD = "gnu++20";
				CLANG_ENABLE_MODULES = YES;
				CLANG_ENABLE_OBJC_ARC = YES;
				CLANG_ENABLE_OBJC_WEAK = YES;
				CLANG_WARN_BLOCK_CAPTURE_AUTORELEASING = YES;
				CLANG_WARN_BOOL_CONVERSION = YES;
				CLANG_WARN_COMMA = YES;
				CLANG_WARN_CONSTANT_CONVERSION = YES;
				CLANG_WARN_DEPRECATED_OBJC_IMPLEMENTATIONS = YES;
				CLANG_WARN_DIRECT_OBJC_ISA_USAGE = YES_ERROR;
				CLANG_WARN_DOCUMENTATION_COMMENTS = YES;
				CLANG_WARN_EMPTY_BODY = YES;
				CLANG_WARN_ENUM_CONVERSION = YES;
				CLANG_WARN_INFINITE_RECURSION = YES;
				CLANG_WARN_INT_CONVERSION = YES;
				CLANG_WARN_NON_LITERAL_NULL_CONVERSION = YES;
				CLANG_WARN_OBJC_IMPLICIT_RETAIN_SELF = YES;
				CLANG_WARN_OBJC_LITERAL_CONVERSION = YES;
				CLANG_WARN_OBJC_ROOT_CLASS = YES_ERROR;
				CLANG_WARN_QUOTED_INCLUDE_IN_FRAMEWORK_HEADER = YES;
				CLANG_WARN_RANGE_LOOP_ANALYSIS = YES;
				CLANG_WARN_STRICT_PROTOTYPES = YES;
				CLANG_WARN_SUSPICIOUS_MOVE = YES;
				CLANG_WARN_UNGUARDED_AVAILABILITY = YES_AGGRESSIVE;
				CLANG_WARN_UNREACHABLE_CODE = YES;
				CLANG_WARN__DUPLICATE_METHOD_MATCH = YES;
				COPY_PHASE_STRIP = NO;
				DEBUG_INFORMATION_FORMAT = "dwarf-with-dsym";
				ENABLE_NS_ASSERTIONS = NO;
				ENABLE_STRICT_OBJC_MSGSEND = YES;
				GCC_C_LANGUAGE_STANDARD = gnu11;
				GCC_NO_COMMON_BLOCKS = YES;
				GCC_WARN_64_TO_32_BIT_CONVERSION = YES;
				GCC_WARN_ABOUT_RETURN_TYPE = YES_ERROR;
				GCC_WARN_UNDECLARED_SELECTOR = YES;
				GCC_WARN_UNINITIALIZED_AUTOS = YES_AGGRESSIVE;
				GCC_WARN_UNUSED_FUNCTION = YES;
				GCC_WARN_UNUSED_VARIABLE = YES;
				IPHONEOS_DEPLOYMENT_TARGET = 16.4;
				MTL_ENABLE_DEBUG_INFO = NO;
				MTL_FAST_MATH = YES;
				SDKROOT = iphoneos;
				SWIFT_COMPILATION_MODE = wholemodule;
				SWIFT_OPTIMIZATION_LEVEL = "-O";
				VALIDATE_PRODUCT = YES;
			};
			name = Release;
		};
		B0B2B0772A8F3792003E6913 /* Debug */ = {
			isa = XCBuildConfiguration;
			buildSettings = {
				ASSETCATALOG_COMPILER_APPICON_NAME = AppIcon;
				ASSETCATALOG_COMPILER_GLOBAL_ACCENT_COLOR_NAME = AccentColor;
				CODE_SIGN_STYLE = Automatic;
				CURRENT_PROJECT_VERSION = 1;
				GENERATE_INFOPLIST_FILE = YES;
				INFOPLIST_FILE = MovieTable/Info.plist;
				INFOPLIST_KEY_UIApplicationSupportsIndirectInputEvents = YES;
				INFOPLIST_KEY_UILaunchStoryboardName = LaunchScreen;
				INFOPLIST_KEY_UIMainStoryboardFile = Main;
				INFOPLIST_KEY_UISupportedInterfaceOrientations = UIInterfaceOrientationPortrait;
				INFOPLIST_KEY_UISupportedInterfaceOrientations_iPad = "UIInterfaceOrientationLandscapeLeft UIInterfaceOrientationLandscapeRight UIInterfaceOrientationPortrait UIInterfaceOrientationPortraitUpsideDown";
				IPHONEOS_DEPLOYMENT_TARGET = 13.0;
				LD_RUNPATH_SEARCH_PATHS = (
					"$(inherited)",
					"@executable_path/Frameworks",
				);
				MARKETING_VERSION = 1.0;
				PRODUCT_BUNDLE_IDENTIFIER = com.TimoCode.MovieTable;
				PRODUCT_NAME = "$(TARGET_NAME)";
				SUPPORTED_PLATFORMS = "iphoneos iphonesimulator";
				SUPPORTS_MACCATALYST = NO;
				SUPPORTS_MAC_DESIGNED_FOR_IPHONE_IPAD = NO;
				SWIFT_EMIT_LOC_STRINGS = YES;
				SWIFT_VERSION = 5.0;
				TARGETED_DEVICE_FAMILY = 1;
			};
			name = Debug;
		};
		B0B2B0782A8F3792003E6913 /* Release */ = {
			isa = XCBuildConfiguration;
			buildSettings = {
				ASSETCATALOG_COMPILER_APPICON_NAME = AppIcon;
				ASSETCATALOG_COMPILER_GLOBAL_ACCENT_COLOR_NAME = AccentColor;
				CODE_SIGN_STYLE = Automatic;
				CURRENT_PROJECT_VERSION = 1;
				GENERATE_INFOPLIST_FILE = YES;
				INFOPLIST_FILE = MovieTable/Info.plist;
				INFOPLIST_KEY_UIApplicationSupportsIndirectInputEvents = YES;
				INFOPLIST_KEY_UILaunchStoryboardName = LaunchScreen;
				INFOPLIST_KEY_UIMainStoryboardFile = Main;
				INFOPLIST_KEY_UISupportedInterfaceOrientations = UIInterfaceOrientationPortrait;
				INFOPLIST_KEY_UISupportedInterfaceOrientations_iPad = "UIInterfaceOrientationLandscapeLeft UIInterfaceOrientationLandscapeRight UIInterfaceOrientationPortrait UIInterfaceOrientationPortraitUpsideDown";
				IPHONEOS_DEPLOYMENT_TARGET = 13.0;
				LD_RUNPATH_SEARCH_PATHS = (
					"$(inherited)",
					"@executable_path/Frameworks",
				);
				MARKETING_VERSION = 1.0;
				PRODUCT_BUNDLE_IDENTIFIER = com.TimoCode.MovieTable;
				PRODUCT_NAME = "$(TARGET_NAME)";
				SUPPORTED_PLATFORMS = "iphoneos iphonesimulator";
				SUPPORTS_MACCATALYST = NO;
				SUPPORTS_MAC_DESIGNED_FOR_IPHONE_IPAD = NO;
				SWIFT_EMIT_LOC_STRINGS = YES;
				SWIFT_VERSION = 5.0;
				TARGETED_DEVICE_FAMILY = 1;
			};
			name = Release;
		};
/* End XCBuildConfiguration section */

/* Begin XCConfigurationList section */
		B0B2B05D2A8F3791003E6913 /* Build configuration list for PBXProject "MovieTable" */ = {
			isa = XCConfigurationList;
			buildConfigurations = (
				B0B2B0742A8F3792003E6913 /* Debug */,
				B0B2B0752A8F3792003E6913 /* Release */,
			);
			defaultConfigurationIsVisible = 0;
			defaultConfigurationName = Release;
		};
		B0B2B0762A8F3792003E6913 /* Build configuration list for PBXNativeTarget "MovieTable" */ = {
			isa = XCConfigurationList;
			buildConfigurations = (
				B0B2B0772A8F3792003E6913 /* Debug */,
				B0B2B0782A8F3792003E6913 /* Release */,
			);
			defaultConfigurationIsVisible = 0;
			defaultConfigurationName = Release;
		};
/* End XCConfigurationList section */
	};
	rootObject = B0B2B05A2A8F3791003E6913 /* Project object */;
}
